
Microsoft Visual Studio Solution File, Format Version 12.00
# Visual Studio Version 16
VisualStudioVersion = 16.0.30907.101
MinimumVisualStudioVersion = 10.0.40219.1
Project("{9A19103F-16F7-4668-BE54-9A1E7A4F7556}") = "Op.Wealth.Funds", "Op.Wealth.Funds\Op.Wealth.Funds.csproj", "{348E37EC-6FD3-486B-8F3F-C43B423579D0}"
EndProject
Project("{9A19103F-16F7-4668-BE54-9A1E7A4F7556}") = "Op.Wealth.Funds.Tests", "Op.Wealth.Funds.Tests\Op.Wealth.Funds.Tests.csproj", "{A5CD4924-7E22-4775-A0F5-36668490FDA6}"
EndProject
Project("{2150E333-8FDC-42A3-9474-1A3956D46DE8}") = "Solution Items", "Solution Items", "{D48D2DA6-4E9E-437A-BD3B-A9C931820213}"
	ProjectSection(SolutionItems) = preProject
		..\azure-pipelines.yml = ..\azure-pipelines.yml
	EndProjectSection
EndProject
Global
	GlobalSection(SolutionConfigurationPlatforms) = preSolution
		Debug|Any CPU = Debug|Any CPU
		Release|Any CPU = Release|Any CPU
	EndGlobalSection
	GlobalSection(ProjectConfigurationPlatforms) = postSolution
		{348E37EC-6FD3-486B-8F3F-C43B423579D0}.Debug|Any CPU.ActiveCfg = Debug|Any CPU
		{348E37EC-6FD3-486B-8F3F-C43B423579D0}.Debug|Any CPU.Build.0 = Debug|Any CPU
		{348E37EC-6FD3-486B-8F3F-C43B423579D0}.Release|Any CPU.ActiveCfg = Release|Any CPU
		{348E37EC-6FD3-486B-8F3F-C43B423579D0}.Release|Any CPU.Build.0 = Release|Any CPU
		{A5CD4924-7E22-4775-A0F5-36668490FDA6}.Debug|Any CPU.ActiveCfg = Debug|Any CPU
		{A5CD4924-7E22-4775-A0F5-36668490FDA6}.Debug|Any CPU.Build.0 = Debug|Any CPU
		{A5CD4924-7E22-4775-A0F5-36668490FDA6}.Release|Any CPU.ActiveCfg = Release|Any CPU
		{A5CD4924-7E22-4775-A0F5-36668490FDA6}.Release|Any CPU.Build.0 = Release|Any CPU
	EndGlobalSection
	GlobalSection(SolutionProperties) = preSolution
		HideSolutionNode = FALSE
	EndGlobalSection
	GlobalSection(ExtensibilityGlobals) = postSolution
		SolutionGuid = {716C01F4-736E-42E2-B5F5-01B3C06D3B58}
	EndGlobalSection
EndGlobal
